
Microsoft Visual Studio Solution File, Format Version 12.00
# Visual Studio 15
VisualStudioVersion = 15.0.28307.271
MinimumVisualStudioVersion = 10.0.40219.1
Project("{FAE04EC0-301F-11D3-BF4B-00C04F79EFBC}") = "AutomationTest", "D:\AutomationTest\AutomationTest\AutomationTest.csproj", "{34101AE5-C4DD-4C60-8687-A37BB25C8C71}"
EndProject
Global
	GlobalSection(SolutionConfigurationPlatforms) = preSolution
		Debug|Any CPU = Debug|Any CPU
		Release|Any CPU = Release|Any CPU
	EndGlobalSection
	GlobalSection(ProjectConfigurationPlatforms) = postSolution
		{34101AE5-C4DD-4C60-8687-A37BB25C8C71}.Debug|Any CPU.ActiveCfg = Debug|Any CPU
		{34101AE5-C4DD-4C60-8687-A37BB25C8C71}.Debug|Any CPU.Build.0 = Debug|Any CPU
		{34101AE5-C4DD-4C60-8687-A37BB25C8C71}.Release|Any CPU.ActiveCfg = Release|Any CPU
		{34101AE5-C4DD-4C60-8687-A37BB25C8C71}.Release|Any CPU.Build.0 = Release|Any CPU
	EndGlobalSection
	GlobalSection(SolutionProperties) = preSolution
		HideSolutionNode = FALSE
	EndGlobalSection
	GlobalSection(ExtensibilityGlobals) = postSolution
		SolutionGuid = {ABBE9C19-3F8B-4254-B4AD-F1167EB68093}
	EndGlobalSection
EndGlobal
